// !$*UTF8*$!
{
	archiveVersion = 1;
	classes = {
	};
	objectVersion = 48;
	objects = {

/* Begin PBXBuildFile section */
		2CCE195E206E77C400733FA0 /* NodeView.swift in Sources */ = {isa = PBXBuildFile; fileRef = 2CCE195D206E77C400733FA0 /* NodeView.swift */; };
		2CFCE467206B00880041EDD1 /* AppDelegate.swift in Sources */ = {isa = PBXBuildFile; fileRef = 2CFCE466206B00880041EDD1 /* AppDelegate.swift */; };
		2CFCE469206B00880041EDD1 /* ViewController.swift in Sources */ = {isa = PBXBuildFile; fileRef = 2CFCE468206B00880041EDD1 /* ViewController.swift */; };
		2CFCE46C206B00880041EDD1 /* Main.storyboard in Resources */ = {isa = PBXBuildFile; fileRef = 2CFCE46A206B00880041EDD1 /* Main.storyboard */; };
		2CFCE46E206B00880041EDD1 /* Assets.xcassets in Resources */ = {isa = PBXBuildFile; fileRef = 2CFCE46D206B00880041EDD1 /* Assets.xcassets */; };
		2CFCE471206B00880041EDD1 /* LaunchScreen.storyboard in Resources */ = {isa = PBXBuildFile; fileRef = 2CFCE46F206B00880041EDD1 /* LaunchScreen.storyboard */; };
		2CFCE4B7206C603C0041EDD1 /* HiveFive_UITests.swift in Sources */ = {isa = PBXBuildFile; fileRef = 2CFCE4B6206C603C0041EDD1 /* HiveFive_UITests.swift */; };
		2CFCE4C5206C60590041EDD1 /* HiveFive_Tests.swift in Sources */ = {isa = PBXBuildFile; fileRef = 2CFCE4C4206C60590041EDD1 /* HiveFive_Tests.swift */; };
		322EF73F20766E91008A98F7 /* SlideMenuController.swift in Sources */ = {isa = PBXBuildFile; fileRef = 322EF73E20766E91008A98F7 /* SlideMenuController.swift */; };
		322EF74220767058008A98F7 /* ContainerViewController.swift in Sources */ = {isa = PBXBuildFile; fileRef = 322EF74120767058008A98F7 /* ContainerViewController.swift */; };
		322EF744207676EF008A98F7 /* MenuTableViewController.swift in Sources */ = {isa = PBXBuildFile; fileRef = 322EF743207676EF008A98F7 /* MenuTableViewController.swift */; };
		322EF74620767A26008A98F7 /* AppearanceTableViewController.swift in Sources */ = {isa = PBXBuildFile; fileRef = 322EF74520767A26008A98F7 /* AppearanceTableViewController.swift */; };
		3291A3272075245400DBF9B2 /* HiveFive.xcdatamodeld in Sources */ = {isa = PBXBuildFile; fileRef = 3291A3252075245400DBF9B2 /* HiveFive.xcdatamodeld */; };
		3291A329207524C400DBF9B2 /* Util.swift in Sources */ = {isa = PBXBuildFile; fileRef = 3291A328207524C400DBF9B2 /* Util.swift */; };
		32B109A9206C646F0065E465 /* HexNode.swift in Sources */ = {isa = PBXBuildFile; fileRef = 32B109A8206C646F0065E465 /* HexNode.swift */; };
		32B109AB206E8D360065E465 /* Navigation.swift in Sources */ = {isa = PBXBuildFile; fileRef = 32B109AA206E8D360065E465 /* Navigation.swift */; };
		32B109AE206EECC20065E465 /* Vec2D.swift in Sources */ = {isa = PBXBuildFile; fileRef = 32B109AD206EECC20065E465 /* Vec2D.swift */; };
		32B109B2206FE0D00065E465 /* Extensions.swift in Sources */ = {isa = PBXBuildFile; fileRef = 32B109B1206FE0D00065E465 /* Extensions.swift */; };
		32D1D143206BE9A1008444F4 /* Hive.swift in Sources */ = {isa = PBXBuildFile; fileRef = 32D1D142206BE9A1008444F4 /* Hive.swift */; };
		32D1D146206BEA6F008444F4 /* QueenBee.swift in Sources */ = {isa = PBXBuildFile; fileRef = 32D1D145206BEA6F008444F4 /* QueenBee.swift */; };
		32D1D148206BEA8A008444F4 /* Beetle.swift in Sources */ = {isa = PBXBuildFile; fileRef = 32D1D147206BEA8A008444F4 /* Beetle.swift */; };
		32D1D14A206BEA9F008444F4 /* Grasshopper.swift in Sources */ = {isa = PBXBuildFile; fileRef = 32D1D149206BEA9F008444F4 /* Grasshopper.swift */; };
		32D1D14C206BEAAC008444F4 /* Spider.swift in Sources */ = {isa = PBXBuildFile; fileRef = 32D1D14B206BEAAC008444F4 /* Spider.swift */; };
		32D1D14E206BEAB9008444F4 /* SoldierAnt.swift in Sources */ = {isa = PBXBuildFile; fileRef = 32D1D14D206BEAB9008444F4 /* SoldierAnt.swift */; };
		32D1D155206BEFFF008444F4 /* BoardView.swift in Sources */ = {isa = PBXBuildFile; fileRef = 32D1D154206BEFFF008444F4 /* BoardView.swift */; };
		33F751EE8399CC8C67CF1A35 /* Neighbors.swift in Sources */ = {isa = PBXBuildFile; fileRef = 33F7568984C9D4FED040BE69 /* Neighbors.swift */; };
/* End PBXBuildFile section */

/* Begin PBXContainerItemProxy section */
		2CFCE4B9206C603C0041EDD1 /* PBXContainerItemProxy */ = {
			isa = PBXContainerItemProxy;
			containerPortal = 2CFCE45B206B00880041EDD1 /* Project object */;
			proxyType = 1;
			remoteGlobalIDString = 2CFCE462206B00880041EDD1;
			remoteInfo = "Hive Five";
		};
		2CFCE4C7206C60590041EDD1 /* PBXContainerItemProxy */ = {
			isa = PBXContainerItemProxy;
			containerPortal = 2CFCE45B206B00880041EDD1 /* Project object */;
			proxyType = 1;
			remoteGlobalIDString = 2CFCE462206B00880041EDD1;
			remoteInfo = "Hive Five";
		};
/* End PBXContainerItemProxy section */

/* Begin PBXFileReference section */
		2CCE195D206E77C400733FA0 /* NodeView.swift */ = {isa = PBXFileReference; lastKnownFileType = sourcecode.swift; path = NodeView.swift; sourceTree = "<group>"; };
		2CFCE463206B00880041EDD1 /* Hive Five.app */ = {isa = PBXFileReference; explicitFileType = wrapper.application; includeInIndex = 0; path = "Hive Five.app"; sourceTree = BUILT_PRODUCTS_DIR; };
		2CFCE466206B00880041EDD1 /* AppDelegate.swift */ = {isa = PBXFileReference; lastKnownFileType = sourcecode.swift; path = AppDelegate.swift; sourceTree = "<group>"; };
		2CFCE468206B00880041EDD1 /* ViewController.swift */ = {isa = PBXFileReference; lastKnownFileType = sourcecode.swift; path = ViewController.swift; sourceTree = "<group>"; };
		2CFCE46B206B00880041EDD1 /* Base */ = {isa = PBXFileReference; lastKnownFileType = file.storyboard; name = Base; path = Base.lproj/Main.storyboard; sourceTree = "<group>"; };
		2CFCE46D206B00880041EDD1 /* Assets.xcassets */ = {isa = PBXFileReference; lastKnownFileType = folder.assetcatalog; path = Assets.xcassets; sourceTree = "<group>"; };
		2CFCE470206B00880041EDD1 /* Base */ = {isa = PBXFileReference; lastKnownFileType = file.storyboard; name = Base; path = Base.lproj/LaunchScreen.storyboard; sourceTree = "<group>"; };
		2CFCE472206B00880041EDD1 /* Info.plist */ = {isa = PBXFileReference; lastKnownFileType = text.plist.xml; path = Info.plist; sourceTree = "<group>"; };
		2CFCE4B4206C603C0041EDD1 /* HiveFive UITests.xctest */ = {isa = PBXFileReference; explicitFileType = wrapper.cfbundle; includeInIndex = 0; path = "HiveFive UITests.xctest"; sourceTree = BUILT_PRODUCTS_DIR; };
		2CFCE4B6206C603C0041EDD1 /* HiveFive_UITests.swift */ = {isa = PBXFileReference; lastKnownFileType = sourcecode.swift; path = HiveFive_UITests.swift; sourceTree = "<group>"; };
		2CFCE4B8206C603C0041EDD1 /* Info.plist */ = {isa = PBXFileReference; lastKnownFileType = text.plist.xml; path = Info.plist; sourceTree = "<group>"; };
		2CFCE4C2206C60590041EDD1 /* HiveFive Tests.xctest */ = {isa = PBXFileReference; explicitFileType = wrapper.cfbundle; includeInIndex = 0; path = "HiveFive Tests.xctest"; sourceTree = BUILT_PRODUCTS_DIR; };
		2CFCE4C4206C60590041EDD1 /* HiveFive_Tests.swift */ = {isa = PBXFileReference; lastKnownFileType = sourcecode.swift; path = HiveFive_Tests.swift; sourceTree = "<group>"; };
		2CFCE4C6206C60590041EDD1 /* Info.plist */ = {isa = PBXFileReference; lastKnownFileType = text.plist.xml; path = Info.plist; sourceTree = "<group>"; };
		322EF73E20766E91008A98F7 /* SlideMenuController.swift */ = {isa = PBXFileReference; fileEncoding = 4; lastKnownFileType = sourcecode.swift; path = SlideMenuController.swift; sourceTree = "<group>"; };
		322EF74120767058008A98F7 /* ContainerViewController.swift */ = {isa = PBXFileReference; lastKnownFileType = sourcecode.swift; path = ContainerViewController.swift; sourceTree = "<group>"; };
		322EF743207676EF008A98F7 /* MenuTableViewController.swift */ = {isa = PBXFileReference; lastKnownFileType = sourcecode.swift; path = MenuTableViewController.swift; sourceTree = "<group>"; };
		322EF74520767A26008A98F7 /* AppearanceTableViewController.swift */ = {isa = PBXFileReference; lastKnownFileType = sourcecode.swift; path = AppearanceTableViewController.swift; sourceTree = "<group>"; };
		3291A3262075245400DBF9B2 /* HiveFive.xcdatamodel */ = {isa = PBXFileReference; lastKnownFileType = wrapper.xcdatamodel; path = HiveFive.xcdatamodel; sourceTree = "<group>"; };
		3291A328207524C400DBF9B2 /* Util.swift */ = {isa = PBXFileReference; lastKnownFileType = sourcecode.swift; path = Util.swift; sourceTree = "<group>"; };
		32B109A8206C646F0065E465 /* HexNode.swift */ = {isa = PBXFileReference; fileEncoding = 4; lastKnownFileType = sourcecode.swift; path = HexNode.swift; sourceTree = "<group>"; };
		32B109AA206E8D360065E465 /* Navigation.swift */ = {isa = PBXFileReference; lastKnownFileType = sourcecode.swift; path = Navigation.swift; sourceTree = "<group>"; };
		32B109AD206EECC20065E465 /* Vec2D.swift */ = {isa = PBXFileReference; lastKnownFileType = sourcecode.swift; path = Vec2D.swift; sourceTree = "<group>"; };
		32B109B1206FE0D00065E465 /* Extensions.swift */ = {isa = PBXFileReference; lastKnownFileType = sourcecode.swift; path = Extensions.swift; sourceTree = "<group>"; };
		32D1D142206BE9A1008444F4 /* Hive.swift */ = {isa = PBXFileReference; lastKnownFileType = sourcecode.swift; path = Hive.swift; sourceTree = "<group>"; };
		32D1D145206BEA6F008444F4 /* QueenBee.swift */ = {isa = PBXFileReference; lastKnownFileType = sourcecode.swift; path = QueenBee.swift; sourceTree = "<group>"; };
		32D1D147206BEA8A008444F4 /* Beetle.swift */ = {isa = PBXFileReference; lastKnownFileType = sourcecode.swift; path = Beetle.swift; sourceTree = "<group>"; };
		32D1D149206BEA9F008444F4 /* Grasshopper.swift */ = {isa = PBXFileReference; lastKnownFileType = sourcecode.swift; path = Grasshopper.swift; sourceTree = "<group>"; };
		32D1D14B206BEAAC008444F4 /* Spider.swift */ = {isa = PBXFileReference; lastKnownFileType = sourcecode.swift; path = Spider.swift; sourceTree = "<group>"; };
		32D1D14D206BEAB9008444F4 /* SoldierAnt.swift */ = {isa = PBXFileReference; lastKnownFileType = sourcecode.swift; path = SoldierAnt.swift; sourceTree = "<group>"; };
		32D1D154206BEFFF008444F4 /* BoardView.swift */ = {isa = PBXFileReference; lastKnownFileType = sourcecode.swift; path = BoardView.swift; sourceTree = "<group>"; };
		33F7568984C9D4FED040BE69 /* Neighbors.swift */ = {isa = PBXFileReference; fileEncoding = 4; lastKnownFileType = sourcecode.swift; path = Neighbors.swift; sourceTree = "<group>"; };
/* End PBXFileReference section */

/* Begin PBXFrameworksBuildPhase section */
		2CFCE460206B00880041EDD1 /* Frameworks */ = {
			isa = PBXFrameworksBuildPhase;
			buildActionMask = 2147483647;
			files = (
			);
			runOnlyForDeploymentPostprocessing = 0;
		};
		2CFCE4B1206C603C0041EDD1 /* Frameworks */ = {
			isa = PBXFrameworksBuildPhase;
			buildActionMask = 2147483647;
			files = (
			);
			runOnlyForDeploymentPostprocessing = 0;
		};
		2CFCE4BF206C60590041EDD1 /* Frameworks */ = {
			isa = PBXFrameworksBuildPhase;
			buildActionMask = 2147483647;
			files = (
			);
			runOnlyForDeploymentPostprocessing = 0;
		};
/* End PBXFrameworksBuildPhase section */

/* Begin PBXGroup section */
		2CFCE45A206B00880041EDD1 = {
			isa = PBXGroup;
			children = (
				2CFCE465206B00880041EDD1 /* HiveFive */,
				2CFCE4B5206C603C0041EDD1 /* HiveFive UITests */,
				2CFCE4C3206C60590041EDD1 /* HiveFive Tests */,
				2CFCE464206B00880041EDD1 /* Products */,
			);
			sourceTree = "<group>";
		};
		2CFCE464206B00880041EDD1 /* Products */ = {
			isa = PBXGroup;
			children = (
				2CFCE463206B00880041EDD1 /* Hive Five.app */,
				2CFCE4B4206C603C0041EDD1 /* HiveFive UITests.xctest */,
				2CFCE4C2206C60590041EDD1 /* HiveFive Tests.xctest */,
			);
			name = Products;
			sourceTree = "<group>";
		};
		2CFCE465206B00880041EDD1 /* HiveFive */ = {
			isa = PBXGroup;
			children = (
				322EF74020766E98008A98F7 /* Lib */,
				3291A3222073FDB300DBF9B2 /* Controller */,
				32B109AC206EECAC0065E465 /* Util */,
				32D1D14F206BEE71008444F4 /* View */,
				32D1D144206BE9BE008444F4 /* Model */,
				2CFCE466206B00880041EDD1 /* AppDelegate.swift */,
				2CFCE46D206B00880041EDD1 /* Assets.xcassets */,
				2CFCE46A206B00880041EDD1 /* Main.storyboard */,
				2CFCE46F206B00880041EDD1 /* LaunchScreen.storyboard */,
				2CFCE472206B00880041EDD1 /* Info.plist */,
				3291A3252075245400DBF9B2 /* HiveFive.xcdatamodeld */,
			);
			path = HiveFive;
			sourceTree = "<group>";
		};
		2CFCE4B5206C603C0041EDD1 /* HiveFive UITests */ = {
			isa = PBXGroup;
			children = (
				2CFCE4B6206C603C0041EDD1 /* HiveFive_UITests.swift */,
				2CFCE4B8206C603C0041EDD1 /* Info.plist */,
			);
			path = "HiveFive UITests";
			sourceTree = "<group>";
		};
		2CFCE4C3206C60590041EDD1 /* HiveFive Tests */ = {
			isa = PBXGroup;
			children = (
				2CFCE4C4206C60590041EDD1 /* HiveFive_Tests.swift */,
				2CFCE4C6206C60590041EDD1 /* Info.plist */,
			);
			path = "HiveFive Tests";
			sourceTree = "<group>";
		};
		322EF74020766E98008A98F7 /* Lib */ = {
			isa = PBXGroup;
			children = (
				322EF73E20766E91008A98F7 /* SlideMenuController.swift */,
			);
			path = Lib;
			sourceTree = "<group>";
		};
		3291A3222073FDB300DBF9B2 /* Controller */ = {
			isa = PBXGroup;
			children = (
				2CFCE468206B00880041EDD1 /* ViewController.swift */,
				322EF74120767058008A98F7 /* ContainerViewController.swift */,
				322EF743207676EF008A98F7 /* MenuTableViewController.swift */,
				322EF74520767A26008A98F7 /* AppearanceTableViewController.swift */,
			);
			path = Controller;
			sourceTree = "<group>";
		};
		32B109AC206EECAC0065E465 /* Util */ = {
			isa = PBXGroup;
			children = (
				32B109AD206EECC20065E465 /* Vec2D.swift */,
				32B109B1206FE0D00065E465 /* Extensions.swift */,
				3291A328207524C400DBF9B2 /* Util.swift */,
			);
			path = Util;
			sourceTree = "<group>";
		};
		32D1D144206BE9BE008444F4 /* Model */ = {
			isa = PBXGroup;
			children = (
				32D1D142206BE9A1008444F4 /* Hive.swift */,
				32B109A8206C646F0065E465 /* HexNode.swift */,
				32D1D145206BEA6F008444F4 /* QueenBee.swift */,
				32D1D147206BEA8A008444F4 /* Beetle.swift */,
				32D1D149206BEA9F008444F4 /* Grasshopper.swift */,
				32D1D14B206BEAAC008444F4 /* Spider.swift */,
				32D1D14D206BEAB9008444F4 /* SoldierAnt.swift */,
				32B109AA206E8D360065E465 /* Navigation.swift */,
				33F7568984C9D4FED040BE69 /* Neighbors.swift */,
			);
			path = Model;
			sourceTree = "<group>";
		};
		32D1D14F206BEE71008444F4 /* View */ = {
			isa = PBXGroup;
			children = (
				32D1D154206BEFFF008444F4 /* BoardView.swift */,
				2CCE195D206E77C400733FA0 /* NodeView.swift */,
			);
			path = View;
			sourceTree = "<group>";
		};
/* End PBXGroup section */

/* Begin PBXNativeTarget section */
		2CFCE462206B00880041EDD1 /* Hive Five */ = {
			isa = PBXNativeTarget;
			buildConfigurationList = 2CFCE48B206B00880041EDD1 /* Build configuration list for PBXNativeTarget "Hive Five" */;
			buildPhases = (
				2CFCE45F206B00880041EDD1 /* Sources */,
				2CFCE460206B00880041EDD1 /* Frameworks */,
				2CFCE461206B00880041EDD1 /* Resources */,
			);
			buildRules = (
			);
			dependencies = (
			);
			name = "Hive Five";
			productName = Five;
			productReference = 2CFCE463206B00880041EDD1 /* Hive Five.app */;
			productType = "com.apple.product-type.application";
		};
		2CFCE4B3206C603C0041EDD1 /* HiveFive UITests */ = {
			isa = PBXNativeTarget;
			buildConfigurationList = 2CFCE4BB206C603C0041EDD1 /* Build configuration list for PBXNativeTarget "HiveFive UITests" */;
			buildPhases = (
				2CFCE4B0206C603C0041EDD1 /* Sources */,
				2CFCE4B1206C603C0041EDD1 /* Frameworks */,
				2CFCE4B2206C603C0041EDD1 /* Resources */,
			);
			buildRules = (
			);
			dependencies = (
				2CFCE4BA206C603C0041EDD1 /* PBXTargetDependency */,
			);
			name = "HiveFive UITests";
			productName = "HiveFive UITests";
			productReference = 2CFCE4B4206C603C0041EDD1 /* HiveFive UITests.xctest */;
			productType = "com.apple.product-type.bundle.ui-testing";
		};
		2CFCE4C1206C60590041EDD1 /* HiveFive Tests */ = {
			isa = PBXNativeTarget;
			buildConfigurationList = 2CFCE4C9206C60590041EDD1 /* Build configuration list for PBXNativeTarget "HiveFive Tests" */;
			buildPhases = (
				2CFCE4BE206C60590041EDD1 /* Sources */,
				2CFCE4BF206C60590041EDD1 /* Frameworks */,
				2CFCE4C0206C60590041EDD1 /* Resources */,
			);
			buildRules = (
			);
			dependencies = (
				2CFCE4C8206C60590041EDD1 /* PBXTargetDependency */,
			);
			name = "HiveFive Tests";
			productName = "HiveFive Tests";
			productReference = 2CFCE4C2206C60590041EDD1 /* HiveFive Tests.xctest */;
			productType = "com.apple.product-type.bundle.unit-test";
		};
/* End PBXNativeTarget section */

/* Begin PBXProject section */
		2CFCE45B206B00880041EDD1 /* Project object */ = {
			isa = PBXProject;
			attributes = {
				LastSwiftUpdateCheck = 0920;
				LastUpgradeCheck = 0930;
				ORGANIZATIONNAME = "Greensboro Day School";
				TargetAttributes = {
					2CFCE462206B00880041EDD1 = {
						CreatedOnToolsVersion = 9.2;
						ProvisioningStyle = Automatic;
					};
					2CFCE4B3206C603C0041EDD1 = {
						CreatedOnToolsVersion = 9.2;
						ProvisioningStyle = Automatic;
						TestTargetID = 2CFCE462206B00880041EDD1;
					};
					2CFCE4C1206C60590041EDD1 = {
						CreatedOnToolsVersion = 9.2;
						ProvisioningStyle = Automatic;
						TestTargetID = 2CFCE462206B00880041EDD1;
					};
				};
			};
			buildConfigurationList = 2CFCE45E206B00880041EDD1 /* Build configuration list for PBXProject "Hive Five" */;
			compatibilityVersion = "Xcode 8.0";
			developmentRegion = en;
			hasScannedForEncodings = 0;
			knownRegions = (
				en,
				Base,
			);
			mainGroup = 2CFCE45A206B00880041EDD1;
			productRefGroup = 2CFCE464206B00880041EDD1 /* Products */;
			projectDirPath = "";
			projectRoot = "";
			targets = (
				2CFCE462206B00880041EDD1 /* Hive Five */,
				2CFCE4B3206C603C0041EDD1 /* HiveFive UITests */,
				2CFCE4C1206C60590041EDD1 /* HiveFive Tests */,
			);
		};
/* End PBXProject section */

/* Begin PBXResourcesBuildPhase section */
		2CFCE461206B00880041EDD1 /* Resources */ = {
			isa = PBXResourcesBuildPhase;
			buildActionMask = 2147483647;
			files = (
				2CFCE471206B00880041EDD1 /* LaunchScreen.storyboard in Resources */,
				2CFCE46E206B00880041EDD1 /* Assets.xcassets in Resources */,
				2CFCE46C206B00880041EDD1 /* Main.storyboard in Resources */,
			);
			runOnlyForDeploymentPostprocessing = 0;
		};
		2CFCE4B2206C603C0041EDD1 /* Resources */ = {
			isa = PBXResourcesBuildPhase;
			buildActionMask = 2147483647;
			files = (
			);
			runOnlyForDeploymentPostprocessing = 0;
		};
		2CFCE4C0206C60590041EDD1 /* Resources */ = {
			isa = PBXResourcesBuildPhase;
			buildActionMask = 2147483647;
			files = (
			);
			runOnlyForDeploymentPostprocessing = 0;
		};
/* End PBXResourcesBuildPhase section */

/* Begin PBXSourcesBuildPhase section */
		2CFCE45F206B00880041EDD1 /* Sources */ = {
			isa = PBXSourcesBuildPhase;
			buildActionMask = 2147483647;
			files = (
				32D1D155206BEFFF008444F4 /* BoardView.swift in Sources */,
				322EF74620767A26008A98F7 /* AppearanceTableViewController.swift in Sources */,
				32D1D146206BEA6F008444F4 /* QueenBee.swift in Sources */,
				2CCE195E206E77C400733FA0 /* NodeView.swift in Sources */,
				3291A3272075245400DBF9B2 /* HiveFive.xcdatamodeld in Sources */,
				322EF73F20766E91008A98F7 /* SlideMenuController.swift in Sources */,
				2CFCE469206B00880041EDD1 /* ViewController.swift in Sources */,
				32D1D14A206BEA9F008444F4 /* Grasshopper.swift in Sources */,
				3291A329207524C400DBF9B2 /* Util.swift in Sources */,
				32D1D143206BE9A1008444F4 /* Hive.swift in Sources */,
				2CFCE467206B00880041EDD1 /* AppDelegate.swift in Sources */,
				32B109AE206EECC20065E465 /* Vec2D.swift in Sources */,
				32D1D14E206BEAB9008444F4 /* SoldierAnt.swift in Sources */,
				322EF744207676EF008A98F7 /* MenuTableViewController.swift in Sources */,
				322EF74220767058008A98F7 /* ContainerViewController.swift in Sources */,
				32B109AB206E8D360065E465 /* Navigation.swift in Sources */,
				32B109B2206FE0D00065E465 /* Extensions.swift in Sources */,
				32B109A9206C646F0065E465 /* HexNode.swift in Sources */,
				32D1D148206BEA8A008444F4 /* Beetle.swift in Sources */,
				32D1D14C206BEAAC008444F4 /* Spider.swift in Sources */,
				33F751EE8399CC8C67CF1A35 /* Neighbors.swift in Sources */,
			);
			runOnlyForDeploymentPostprocessing = 0;
		};
		2CFCE4B0206C603C0041EDD1 /* Sources */ = {
			isa = PBXSourcesBuildPhase;
			buildActionMask = 2147483647;
			files = (
				2CFCE4B7206C603C0041EDD1 /* HiveFive_UITests.swift in Sources */,
			);
			runOnlyForDeploymentPostprocessing = 0;
		};
		2CFCE4BE206C60590041EDD1 /* Sources */ = {
			isa = PBXSourcesBuildPhase;
			buildActionMask = 2147483647;
			files = (
				2CFCE4C5206C60590041EDD1 /* HiveFive_Tests.swift in Sources */,
			);
			runOnlyForDeploymentPostprocessing = 0;
		};
/* End PBXSourcesBuildPhase section */

/* Begin PBXTargetDependency section */
		2CFCE4BA206C603C0041EDD1 /* PBXTargetDependency */ = {
			isa = PBXTargetDependency;
			target = 2CFCE462206B00880041EDD1 /* Hive Five */;
			targetProxy = 2CFCE4B9206C603C0041EDD1 /* PBXContainerItemProxy */;
		};
		2CFCE4C8206C60590041EDD1 /* PBXTargetDependency */ = {
			isa = PBXTargetDependency;
			target = 2CFCE462206B00880041EDD1 /* Hive Five */;
			targetProxy = 2CFCE4C7206C60590041EDD1 /* PBXContainerItemProxy */;
		};
/* End PBXTargetDependency section */

/* Begin PBXVariantGroup section */
		2CFCE46A206B00880041EDD1 /* Main.storyboard */ = {
			isa = PBXVariantGroup;
			children = (
				2CFCE46B206B00880041EDD1 /* Base */,
			);
			name = Main.storyboard;
			path = .;
			sourceTree = "<group>";
		};
		2CFCE46F206B00880041EDD1 /* LaunchScreen.storyboard */ = {
			isa = PBXVariantGroup;
			children = (
				2CFCE470206B00880041EDD1 /* Base */,
			);
			name = LaunchScreen.storyboard;
			path = .;
			sourceTree = "<group>";
		};
/* End PBXVariantGroup section */

/* Begin XCBuildConfiguration section */
		2CFCE489206B00880041EDD1 /* Debug */ = {
			isa = XCBuildConfiguration;
			buildSettings = {
				ALWAYS_SEARCH_USER_PATHS = NO;
				CLANG_ANALYZER_NONNULL = YES;
				CLANG_ANALYZER_NUMBER_OBJECT_CONVERSION = YES_AGGRESSIVE;
				CLANG_CXX_LANGUAGE_STANDARD = "gnu++14";
				CLANG_CXX_LIBRARY = "libc++";
				CLANG_ENABLE_MODULES = YES;
				CLANG_ENABLE_OBJC_ARC = YES;
				CLANG_WARN_BLOCK_CAPTURE_AUTORELEASING = YES;
				CLANG_WARN_BOOL_CONVERSION = YES;
				CLANG_WARN_COMMA = YES;
				CLANG_WARN_CONSTANT_CONVERSION = YES;
				CLANG_WARN_DEPRECATED_OBJC_IMPLEMENTATIONS = YES;
				CLANG_WARN_DIRECT_OBJC_ISA_USAGE = YES_ERROR;
				CLANG_WARN_DOCUMENTATION_COMMENTS = YES;
				CLANG_WARN_EMPTY_BODY = YES;
				CLANG_WARN_ENUM_CONVERSION = YES;
				CLANG_WARN_INFINITE_RECURSION = YES;
				CLANG_WARN_INT_CONVERSION = YES;
				CLANG_WARN_NON_LITERAL_NULL_CONVERSION = YES;
				CLANG_WARN_OBJC_IMPLICIT_RETAIN_SELF = YES;
				CLANG_WARN_OBJC_LITERAL_CONVERSION = YES;
				CLANG_WARN_OBJC_ROOT_CLASS = YES_ERROR;
				CLANG_WARN_RANGE_LOOP_ANALYSIS = YES;
				CLANG_WARN_STRICT_PROTOTYPES = YES;
				CLANG_WARN_SUSPICIOUS_MOVE = YES;
				CLANG_WARN_UNGUARDED_AVAILABILITY = YES_AGGRESSIVE;
				CLANG_WARN_UNREACHABLE_CODE = YES;
				CLANG_WARN__DUPLICATE_METHOD_MATCH = YES;
				CODE_SIGN_IDENTITY = "iPhone Developer";
				COPY_PHASE_STRIP = NO;
				DEBUG_INFORMATION_FORMAT = dwarf;
				ENABLE_STRICT_OBJC_MSGSEND = YES;
				ENABLE_TESTABILITY = YES;
				GCC_C_LANGUAGE_STANDARD = gnu11;
				GCC_DYNAMIC_NO_PIC = NO;
				GCC_NO_COMMON_BLOCKS = YES;
				GCC_OPTIMIZATION_LEVEL = 0;
				GCC_PREPROCESSOR_DEFINITIONS = (
					"DEBUG=1",
					"$(inherited)",
				);
				GCC_WARN_64_TO_32_BIT_CONVERSION = YES;
				GCC_WARN_ABOUT_RETURN_TYPE = YES_ERROR;
				GCC_WARN_UNDECLARED_SELECTOR = YES;
				GCC_WARN_UNINITIALIZED_AUTOS = YES_AGGRESSIVE;
				GCC_WARN_UNUSED_FUNCTION = YES;
				GCC_WARN_UNUSED_VARIABLE = YES;
				IPHONEOS_DEPLOYMENT_TARGET = 11.2;
				MTL_ENABLE_DEBUG_INFO = YES;
				ONLY_ACTIVE_ARCH = YES;
				SDKROOT = iphoneos;
				SWIFT_ACTIVE_COMPILATION_CONDITIONS = DEBUG;
				SWIFT_OPTIMIZATION_LEVEL = "-Onone";
			};
			name = Debug;
		};
		2CFCE48A206B00880041EDD1 /* Release */ = {
			isa = XCBuildConfiguration;
			buildSettings = {
				ALWAYS_SEARCH_USER_PATHS = NO;
				CLANG_ANALYZER_NONNULL = YES;
				CLANG_ANALYZER_NUMBER_OBJECT_CONVERSION = YES_AGGRESSIVE;
				CLANG_CXX_LANGUAGE_STANDARD = "gnu++14";
				CLANG_CXX_LIBRARY = "libc++";
				CLANG_ENABLE_MODULES = YES;
				CLANG_ENABLE_OBJC_ARC = YES;
				CLANG_WARN_BLOCK_CAPTURE_AUTORELEASING = YES;
				CLANG_WARN_BOOL_CONVERSION = YES;
				CLANG_WARN_COMMA = YES;
				CLANG_WARN_CONSTANT_CONVERSION = YES;
				CLANG_WARN_DEPRECATED_OBJC_IMPLEMENTATIONS = YES;
				CLANG_WARN_DIRECT_OBJC_ISA_USAGE = YES_ERROR;
				CLANG_WARN_DOCUMENTATION_COMMENTS = YES;
				CLANG_WARN_EMPTY_BODY = YES;
				CLANG_WARN_ENUM_CONVERSION = YES;
				CLANG_WARN_INFINITE_RECURSION = YES;
				CLANG_WARN_INT_CONVERSION = YES;
				CLANG_WARN_NON_LITERAL_NULL_CONVERSION = YES;
				CLANG_WARN_OBJC_IMPLICIT_RETAIN_SELF = YES;
				CLANG_WARN_OBJC_LITERAL_CONVERSION = YES;
				CLANG_WARN_OBJC_ROOT_CLASS = YES_ERROR;
				CLANG_WARN_RANGE_LOOP_ANALYSIS = YES;
				CLANG_WARN_STRICT_PROTOTYPES = YES;
				CLANG_WARN_SUSPICIOUS_MOVE = YES;
				CLANG_WARN_UNGUARDED_AVAILABILITY = YES_AGGRESSIVE;
				CLANG_WARN_UNREACHABLE_CODE = YES;
				CLANG_WARN__DUPLICATE_METHOD_MATCH = YES;
				CODE_SIGN_IDENTITY = "iPhone Developer";
				COPY_PHASE_STRIP = NO;
				DEBUG_INFORMATION_FORMAT = "dwarf-with-dsym";
				ENABLE_NS_ASSERTIONS = NO;
				ENABLE_STRICT_OBJC_MSGSEND = YES;
				GCC_C_LANGUAGE_STANDARD = gnu11;
				GCC_NO_COMMON_BLOCKS = YES;
				GCC_WARN_64_TO_32_BIT_CONVERSION = YES;
				GCC_WARN_ABOUT_RETURN_TYPE = YES_ERROR;
				GCC_WARN_UNDECLARED_SELECTOR = YES;
				GCC_WARN_UNINITIALIZED_AUTOS = YES_AGGRESSIVE;
				GCC_WARN_UNUSED_FUNCTION = YES;
				GCC_WARN_UNUSED_VARIABLE = YES;
				IPHONEOS_DEPLOYMENT_TARGET = 11.2;
				MTL_ENABLE_DEBUG_INFO = NO;
				SDKROOT = iphoneos;
				SWIFT_OPTIMIZATION_LEVEL = "-Owholemodule";
				VALIDATE_PRODUCT = YES;
			};
			name = Release;
		};
		2CFCE48C206B00880041EDD1 /* Debug */ = {
			isa = XCBuildConfiguration;
			buildSettings = {
				ASSETCATALOG_COMPILER_APPICON_NAME = AppIcon;
				CODE_SIGN_STYLE = Automatic;
				DEVELOPMENT_TEAM = AM89ND2ZY7;
				INFOPLIST_FILE = "$(SRCROOT)/HiveFive/Info.plist";
				LD_RUNPATH_SEARCH_PATHS = "$(inherited) @executable_path/Frameworks";
				PRODUCT_BUNDLE_IDENTIFIER = org.greensboroday.hivefive;
				PRODUCT_NAME = "$(TARGET_NAME)";
				SWIFT_VERSION = 4.0;
				TARGETED_DEVICE_FAMILY = "1,2";
			};
			name = Debug;
		};
		2CFCE48D206B00880041EDD1 /* Release */ = {
			isa = XCBuildConfiguration;
			buildSettings = {
				ASSETCATALOG_COMPILER_APPICON_NAME = AppIcon;
				CODE_SIGN_STYLE = Automatic;
				DEVELOPMENT_TEAM = AM89ND2ZY7;
				INFOPLIST_FILE = "$(SRCROOT)/HiveFive/Info.plist";
				LD_RUNPATH_SEARCH_PATHS = "$(inherited) @executable_path/Frameworks";
				PRODUCT_BUNDLE_IDENTIFIER = org.greensboroday.hivefive;
				PRODUCT_NAME = "$(TARGET_NAME)";
				SWIFT_VERSION = 4.0;
				TARGETED_DEVICE_FAMILY = "1,2";
			};
			name = Release;
		};
		2CFCE4BC206C603C0041EDD1 /* Debug */ = {
			isa = XCBuildConfiguration;
			buildSettings = {
				CODE_SIGN_STYLE = Automatic;
				DEVELOPMENT_TEAM = AM89ND2ZY7;
				INFOPLIST_FILE = "HiveFive UITests/Info.plist";
				LD_RUNPATH_SEARCH_PATHS = "$(inherited) @executable_path/Frameworks @loader_path/Frameworks";
				PRODUCT_BUNDLE_IDENTIFIER = "org.greensboroday.HiveFive-UITests";
				PRODUCT_NAME = "$(TARGET_NAME)";
				SWIFT_VERSION = 4.0;
				TARGETED_DEVICE_FAMILY = "1,2";
				TEST_TARGET_NAME = "Hive Five";
			};
			name = Debug;
		};
		2CFCE4BD206C603C0041EDD1 /* Release */ = {
			isa = XCBuildConfiguration;
			buildSettings = {
				CODE_SIGN_STYLE = Automatic;
				DEVELOPMENT_TEAM = AM89ND2ZY7;
				INFOPLIST_FILE = "HiveFive UITests/Info.plist";
				LD_RUNPATH_SEARCH_PATHS = "$(inherited) @executable_path/Frameworks @loader_path/Frameworks";
				PRODUCT_BUNDLE_IDENTIFIER = "org.greensboroday.HiveFive-UITests";
				PRODUCT_NAME = "$(TARGET_NAME)";
				SWIFT_VERSION = 4.0;
				TARGETED_DEVICE_FAMILY = "1,2";
				TEST_TARGET_NAME = "Hive Five";
			};
			name = Release;
		};
		2CFCE4CA206C60590041EDD1 /* Debug */ = {
			isa = XCBuildConfiguration;
			buildSettings = {
				BUNDLE_LOADER = "$(TEST_HOST)";
				CODE_SIGN_STYLE = Automatic;
				DEVELOPMENT_TEAM = AM89ND2ZY7;
				INFOPLIST_FILE = "HiveFive Tests/Info.plist";
				LD_RUNPATH_SEARCH_PATHS = "$(inherited) @executable_path/Frameworks @loader_path/Frameworks";
				PRODUCT_BUNDLE_IDENTIFIER = "org.greensboroday.HiveFive-Tests";
				PRODUCT_NAME = "$(TARGET_NAME)";
				SWIFT_VERSION = 4.0;
				TARGETED_DEVICE_FAMILY = "1,2";
				TEST_HOST = "$(BUILT_PRODUCTS_DIR)/Hive Five.app/Hive Five";
			};
			name = Debug;
		};
		2CFCE4CB206C60590041EDD1 /* Release */ = {
			isa = XCBuildConfiguration;
			buildSettings = {
				BUNDLE_LOADER = "$(TEST_HOST)";
				CODE_SIGN_STYLE = Automatic;
				DEVELOPMENT_TEAM = AM89ND2ZY7;
				INFOPLIST_FILE = "HiveFive Tests/Info.plist";
				LD_RUNPATH_SEARCH_PATHS = "$(inherited) @executable_path/Frameworks @loader_path/Frameworks";
				PRODUCT_BUNDLE_IDENTIFIER = "org.greensboroday.HiveFive-Tests";
				PRODUCT_NAME = "$(TARGET_NAME)";
				SWIFT_VERSION = 4.0;
				TARGETED_DEVICE_FAMILY = "1,2";
				TEST_HOST = "$(BUILT_PRODUCTS_DIR)/Hive Five.app/Hive Five";
			};
			name = Release;
		};
/* End XCBuildConfiguration section */

/* Begin XCConfigurationList section */
		2CFCE45E206B00880041EDD1 /* Build configuration list for PBXProject "Hive Five" */ = {
			isa = XCConfigurationList;
			buildConfigurations = (
				2CFCE489206B00880041EDD1 /* Debug */,
				2CFCE48A206B00880041EDD1 /* Release */,
			);
			defaultConfigurationIsVisible = 0;
			defaultConfigurationName = Release;
		};
		2CFCE48B206B00880041EDD1 /* Build configuration list for PBXNativeTarget "Hive Five" */ = {
			isa = XCConfigurationList;
			buildConfigurations = (
				2CFCE48C206B00880041EDD1 /* Debug */,
				2CFCE48D206B00880041EDD1 /* Release */,
			);
			defaultConfigurationIsVisible = 0;
			defaultConfigurationName = Release;
		};
		2CFCE4BB206C603C0041EDD1 /* Build configuration list for PBXNativeTarget "HiveFive UITests" */ = {
			isa = XCConfigurationList;
			buildConfigurations = (
				2CFCE4BC206C603C0041EDD1 /* Debug */,
				2CFCE4BD206C603C0041EDD1 /* Release */,
			);
			defaultConfigurationIsVisible = 0;
			defaultConfigurationName = Release;
		};
		2CFCE4C9206C60590041EDD1 /* Build configuration list for PBXNativeTarget "HiveFive Tests" */ = {
			isa = XCConfigurationList;
			buildConfigurations = (
				2CFCE4CA206C60590041EDD1 /* Debug */,
				2CFCE4CB206C60590041EDD1 /* Release */,
			);
			defaultConfigurationIsVisible = 0;
			defaultConfigurationName = Release;
		};
/* End XCConfigurationList section */

/* Begin XCVersionGroup section */
		3291A3252075245400DBF9B2 /* HiveFive.xcdatamodeld */ = {
			isa = XCVersionGroup;
			children = (
				3291A3262075245400DBF9B2 /* HiveFive.xcdatamodel */,
			);
			currentVersion = 3291A3262075245400DBF9B2 /* HiveFive.xcdatamodel */;
			path = HiveFive.xcdatamodeld;
			sourceTree = "<group>";
			versionGroupType = wrapper.xcdatamodel;
		};
/* End XCVersionGroup section */
	};
	rootObject = 2CFCE45B206B00880041EDD1 /* Project object */;
}
